
Microsoft Visual Studio Solution File, Format Version 12.00
# Visual Studio Version 16
VisualStudioVersion = 16.0.31025.194
MinimumVisualStudioVersion = 10.0.40219.1
Project("{FAE04EC0-301F-11D3-BF4B-00C04F79EFBC}") = "HelloAspNet", "HelloAspNet\HelloAspNet.csproj", "{46265411-D297-4A76-9636-8FEAFFDC3BBA}"
EndProject
Project("{FAE04EC0-301F-11D3-BF4B-00C04F79EFBC}") = "HelloAspNet.Tests", "HelloAspNet.Tests\HelloAspNet.Tests.csproj", "{8E17144B-8A9C-44EA-9FEA-96F629C7C5CB}"
EndProject
Project("{FAE04EC0-301F-11D3-BF4B-00C04F79EFBC}") = "FirstWebApp", "FirstWebApp\FirstWebApp.csproj", "{C91CE7C7-817F-4EFA-868B-B47934B4BB7F}"
EndProject
Project("{FAE04EC0-301F-11D3-BF4B-00C04F79EFBC}") = "ValidationWebApp", "ValidationWebApp\ValidationWebApp.csproj", "{267F4337-1463-471D-948F-2A0BD4F443CD}"
EndProject
Project("{FAE04EC0-301F-11D3-BF4B-00C04F79EFBC}") = "TemplateWebApp", "TemplateWebApp\TemplateWebApp.csproj", "{CBB66A58-EC4E-4C6C-9D1A-468BA00F39E4}"
EndProject
Project("{FAE04EC0-301F-11D3-BF4B-00C04F79EFBC}") = "StateMngWebApp", "StateMngWebApp\StateMngWebApp.csproj", "{028800D4-E21F-4F5D-9A41-6D0D26994A85}"
EndProject
Project("{FAE04EC0-301F-11D3-BF4B-00C04F79EFBC}") = "DBHandlingWebApp", "DBHandlingWebApp\DBHandlingWebApp.csproj", "{A341F8B6-61FE-4BD4-A1EE-10BB1B28FAB2}"
EndProject
Project("{FAE04EC0-301F-11D3-BF4B-00C04F79EFBC}") = "DataControlWebApp", "DataControlWebApp\DataControlWebApp.csproj", "{60B1F97F-D9C3-4B47-B923-EA9605903F12}"
EndProject
Global
	GlobalSection(SolutionConfigurationPlatforms) = preSolution
		Debug|Any CPU = Debug|Any CPU
		Release|Any CPU = Release|Any CPU
	EndGlobalSection
	GlobalSection(ProjectConfigurationPlatforms) = postSolution
		{46265411-D297-4A76-9636-8FEAFFDC3BBA}.Debug|Any CPU.ActiveCfg = Debug|Any CPU
		{46265411-D297-4A76-9636-8FEAFFDC3BBA}.Debug|Any CPU.Build.0 = Debug|Any CPU
		{46265411-D297-4A76-9636-8FEAFFDC3BBA}.Release|Any CPU.ActiveCfg = Release|Any CPU
		{46265411-D297-4A76-9636-8FEAFFDC3BBA}.Release|Any CPU.Build.0 = Release|Any CPU
		{8E17144B-8A9C-44EA-9FEA-96F629C7C5CB}.Debug|Any CPU.ActiveCfg = Debug|Any CPU
		{8E17144B-8A9C-44EA-9FEA-96F629C7C5CB}.Debug|Any CPU.Build.0 = Debug|Any CPU
		{8E17144B-8A9C-44EA-9FEA-96F629C7C5CB}.Release|Any CPU.ActiveCfg = Release|Any CPU
		{8E17144B-8A9C-44EA-9FEA-96F629C7C5CB}.Release|Any CPU.Build.0 = Release|Any CPU
		{C91CE7C7-817F-4EFA-868B-B47934B4BB7F}.Debug|Any CPU.ActiveCfg = Debug|Any CPU
		{C91CE7C7-817F-4EFA-868B-B47934B4BB7F}.Debug|Any CPU.Build.0 = Debug|Any CPU
		{C91CE7C7-817F-4EFA-868B-B47934B4BB7F}.Release|Any CPU.ActiveCfg = Release|Any CPU
		{C91CE7C7-817F-4EFA-868B-B47934B4BB7F}.Release|Any CPU.Build.0 = Release|Any CPU
		{267F4337-1463-471D-948F-2A0BD4F443CD}.Debug|Any CPU.ActiveCfg = Debug|Any CPU
		{267F4337-1463-471D-948F-2A0BD4F443CD}.Debug|Any CPU.Build.0 = Debug|Any CPU
		{267F4337-1463-471D-948F-2A0BD4F443CD}.Release|Any CPU.ActiveCfg = Release|Any CPU
		{267F4337-1463-471D-948F-2A0BD4F443CD}.Release|Any CPU.Build.0 = Release|Any CPU
		{CBB66A58-EC4E-4C6C-9D1A-468BA00F39E4}.Debug|Any CPU.ActiveCfg = Debug|Any CPU
		{CBB66A58-EC4E-4C6C-9D1A-468BA00F39E4}.Debug|Any CPU.Build.0 = Debug|Any CPU
		{CBB66A58-EC4E-4C6C-9D1A-468BA00F39E4}.Release|Any CPU.ActiveCfg = Release|Any CPU
		{CBB66A58-EC4E-4C6C-9D1A-468BA00F39E4}.Release|Any CPU.Build.0 = Release|Any CPU
		{028800D4-E21F-4F5D-9A41-6D0D26994A85}.Debug|Any CPU.ActiveCfg = Debug|Any CPU
		{028800D4-E21F-4F5D-9A41-6D0D26994A85}.Debug|Any CPU.Build.0 = Debug|Any CPU
		{028800D4-E21F-4F5D-9A41-6D0D26994A85}.Release|Any CPU.ActiveCfg = Release|Any CPU
		{028800D4-E21F-4F5D-9A41-6D0D26994A85}.Release|Any CPU.Build.0 = Release|Any CPU
		{A341F8B6-61FE-4BD4-A1EE-10BB1B28FAB2}.Debug|Any CPU.ActiveCfg = Debug|Any CPU
		{A341F8B6-61FE-4BD4-A1EE-10BB1B28FAB2}.Debug|Any CPU.Build.0 = Debug|Any CPU
		{A341F8B6-61FE-4BD4-A1EE-10BB1B28FAB2}.Release|Any CPU.ActiveCfg = Release|Any CPU
		{A341F8B6-61FE-4BD4-A1EE-10BB1B28FAB2}.Release|Any CPU.Build.0 = Release|Any CPU
		{60B1F97F-D9C3-4B47-B923-EA9605903F12}.Debug|Any CPU.ActiveCfg = Debug|Any CPU
		{60B1F97F-D9C3-4B47-B923-EA9605903F12}.Debug|Any CPU.Build.0 = Debug|Any CPU
		{60B1F97F-D9C3-4B47-B923-EA9605903F12}.Release|Any CPU.ActiveCfg = Release|Any CPU
		{60B1F97F-D9C3-4B47-B923-EA9605903F12}.Release|Any CPU.Build.0 = Release|Any CPU
	EndGlobalSection
	GlobalSection(SolutionProperties) = preSolution
		HideSolutionNode = FALSE
	EndGlobalSection
	GlobalSection(ExtensibilityGlobals) = postSolution
		SolutionGuid = {CD69B721-093F-493C-99D9-1B2379C16BAD}
	EndGlobalSection
EndGlobal
