
Microsoft Visual Studio Solution File, Format Version 12.00
# Visual Studio Version 16
VisualStudioVersion = 16.0.31025.194
MinimumVisualStudioVersion = 10.0.40219.1
Project("{FAE04EC0-301F-11D3-BF4B-00C04F79EFBC}") = "DotNetNote", "DotNetNote\DotNetNote.csproj", "{01FF6D06-A9B4-49B3-8F85-49839B0163F6}"
EndProject
Project("{00D1A9C2-B5F0-4AF3-8072-F6C62B433612}") = "DotNetNote Database", "DotNetNote Database\DotNetNote Database.sqlproj", "{F5F681BD-B722-4AA4-ABFD-14F5AE1D9DE9}"
EndProject
Project("{FAE04EC0-301F-11D3-BF4B-00C04F79EFBC}") = "Helpers", "Helpers\Helpers.csproj", "{48C01A2F-FC0F-4927-B3FB-3FB3B1443332}"
EndProject
Project("{FAE04EC0-301F-11D3-BF4B-00C04F79EFBC}") = "Helpers Test", "Helpers Test\Helpers Test.csproj", "{29491CFD-5929-40F4-AFDE-123A8A6A28B1}"
EndProject
Project("{2150E333-8FDC-42A3-9474-1A3956D46DE8}") = "Solution Items", "Solution Items", "{B23DB1A5-5F53-4E6D-8F51-93D6C3D1025B}"
	ProjectSection(SolutionItems) = preProject
		.editorconfig = .editorconfig
	EndProjectSection
EndProject
Global
	GlobalSection(SolutionConfigurationPlatforms) = preSolution
		Debug|Any CPU = Debug|Any CPU
		Release|Any CPU = Release|Any CPU
	EndGlobalSection
	GlobalSection(ProjectConfigurationPlatforms) = postSolution
		{01FF6D06-A9B4-49B3-8F85-49839B0163F6}.Debug|Any CPU.ActiveCfg = Debug|Any CPU
		{01FF6D06-A9B4-49B3-8F85-49839B0163F6}.Debug|Any CPU.Build.0 = Debug|Any CPU
		{01FF6D06-A9B4-49B3-8F85-49839B0163F6}.Release|Any CPU.ActiveCfg = Release|Any CPU
		{01FF6D06-A9B4-49B3-8F85-49839B0163F6}.Release|Any CPU.Build.0 = Release|Any CPU
		{F5F681BD-B722-4AA4-ABFD-14F5AE1D9DE9}.Debug|Any CPU.ActiveCfg = Debug|Any CPU
		{F5F681BD-B722-4AA4-ABFD-14F5AE1D9DE9}.Debug|Any CPU.Build.0 = Debug|Any CPU
		{F5F681BD-B722-4AA4-ABFD-14F5AE1D9DE9}.Debug|Any CPU.Deploy.0 = Debug|Any CPU
		{F5F681BD-B722-4AA4-ABFD-14F5AE1D9DE9}.Release|Any CPU.ActiveCfg = Release|Any CPU
		{F5F681BD-B722-4AA4-ABFD-14F5AE1D9DE9}.Release|Any CPU.Build.0 = Release|Any CPU
		{F5F681BD-B722-4AA4-ABFD-14F5AE1D9DE9}.Release|Any CPU.Deploy.0 = Release|Any CPU
		{48C01A2F-FC0F-4927-B3FB-3FB3B1443332}.Debug|Any CPU.ActiveCfg = Debug|Any CPU
		{48C01A2F-FC0F-4927-B3FB-3FB3B1443332}.Debug|Any CPU.Build.0 = Debug|Any CPU
		{48C01A2F-FC0F-4927-B3FB-3FB3B1443332}.Release|Any CPU.ActiveCfg = Release|Any CPU
		{48C01A2F-FC0F-4927-B3FB-3FB3B1443332}.Release|Any CPU.Build.0 = Release|Any CPU
		{29491CFD-5929-40F4-AFDE-123A8A6A28B1}.Debug|Any CPU.ActiveCfg = Debug|Any CPU
		{29491CFD-5929-40F4-AFDE-123A8A6A28B1}.Debug|Any CPU.Build.0 = Debug|Any CPU
		{29491CFD-5929-40F4-AFDE-123A8A6A28B1}.Release|Any CPU.ActiveCfg = Release|Any CPU
		{29491CFD-5929-40F4-AFDE-123A8A6A28B1}.Release|Any CPU.Build.0 = Release|Any CPU
	EndGlobalSection
	GlobalSection(SolutionProperties) = preSolution
		HideSolutionNode = FALSE
	EndGlobalSection
	GlobalSection(ExtensibilityGlobals) = postSolution
		SolutionGuid = {746ACEA0-8427-4DD3-A7C5-484F7A98F426}
	EndGlobalSection
EndGlobal
